
Microsoft Visual Studio Solution File, Format Version 12.00
# Visual Studio Version 17
VisualStudioVersion = 17.9.34607.119
MinimumVisualStudioVersion = 10.0.40219.1
Project("{FAE04EC0-301F-11D3-BF4B-00C04F79EFBC}") = "ReservasDeCitas", "ReservasDeCitas\ReservasDeCitas.csproj", "{129B5269-6A87-46DB-8A30-773DB424C743}"
EndProject
Global
	GlobalSection(SolutionConfigurationPlatforms) = preSolution
		Debug|Any CPU = Debug|Any CPU
		Release|Any CPU = Release|Any CPU
	EndGlobalSection
	GlobalSection(ProjectConfigurationPlatforms) = postSolution
		{129B5269-6A87-46DB-8A30-773DB424C743}.Debug|Any CPU.ActiveCfg = Debug|Any CPU
		{129B5269-6A87-46DB-8A30-773DB424C743}.Debug|Any CPU.Build.0 = Debug|Any CPU
		{129B5269-6A87-46DB-8A30-773DB424C743}.Debug|Any CPU.Deploy.0 = Debug|Any CPU
		{129B5269-6A87-46DB-8A30-773DB424C743}.Release|Any CPU.ActiveCfg = Release|Any CPU
		{129B5269-6A87-46DB-8A30-773DB424C743}.Release|Any CPU.Build.0 = Release|Any CPU
		{129B5269-6A87-46DB-8A30-773DB424C743}.Release|Any CPU.Deploy.0 = Release|Any CPU
	EndGlobalSection
	GlobalSection(SolutionProperties) = preSolution
		HideSolutionNode = FALSE
	EndGlobalSection
	GlobalSection(ExtensibilityGlobals) = postSolution
		SolutionGuid = {39324D9D-151A-4F83-9158-4A1610FAE4F8}
	EndGlobalSection
EndGlobal
